{
  "originHash" : "c023fea7015aaa2b3c4de8db76aedb3fc0b6d2367b5915ccf3a390e74f78146e",
  "pins" : [
    {
      "identity" : "apppricingsdk-ios",
      "kind" : "remoteSourceControl",
      "location" : "https://github.com/App-Pricing/ApppricingSDK-iOS",
      "state" : {
        "revision" : "a59dc2590af651f62a1837f7af3af223473ef91b",
        "version" : "1.0.0"
      }
    },
    {
      "identity" : "keychain-swift",
      "kind" : "remoteSourceControl",
      "location" : "https://github.com/evgenyneu/keychain-swift.git",
      "state" : {
        "revision" : "5e1b02b6a9dac2a759a1d5dbc175c86bd192a608",
        "version" : "24.0.0"
      }
    }
  ],
  "version" : 3
}
